
Microsoft Visual Studio Solution File, Format Version 12.00
Project("{FAE04EC0-301F-11D3-BF4B-00C04F79EFBC}") = "DiceRollApp", "DiceRollApp.csproj", "{862CDEEB-F2DB-46E5-806A-A7CBBB695B1A}"
EndProject
Global
	GlobalSection(SolutionConfigurationPlatforms) = preSolution
		Debug|Any CPU = Debug|Any CPU
		Release|Any CPU = Release|Any CPU
	EndGlobalSection
	GlobalSection(ProjectConfigurationPlatforms) = postSolution
		{862CDEEB-F2DB-46E5-806A-A7CBBB695B1A}.Debug|Any CPU.ActiveCfg = Debug|Any CPU
		{862CDEEB-F2DB-46E5-806A-A7CBBB695B1A}.Debug|Any CPU.Build.0 = Debug|Any CPU
		{862CDEEB-F2DB-46E5-806A-A7CBBB695B1A}.Release|Any CPU.ActiveCfg = Release|Any CPU
		{862CDEEB-F2DB-46E5-806A-A7CBBB695B1A}.Release|Any CPU.Build.0 = Release|Any CPU
	EndGlobalSection
EndGlobal
